// !$*UTF8*$!
{
	archiveVersion = 1;
	classes = {
	};
	objectVersion = 50;
	objects = {

/* Begin PBXBuildFile section */
		B534FD8822C4D4DE000B125E /* AppDelegate.swift in Sources */ = {isa = PBXBuildFile; fileRef = B534FD8722C4D4DE000B125E /* AppDelegate.swift */; };
		B534FD8A22C4D4DE000B125E /* MainViewController.swift in Sources */ = {isa = PBXBuildFile; fileRef = B534FD8922C4D4DE000B125E /* MainViewController.swift */; };
		B534FD8D22C4D4DE000B125E /* Main.storyboard in Resources */ = {isa = PBXBuildFile; fileRef = B534FD8B22C4D4DE000B125E /* Main.storyboard */; };
		B534FD8F22C4D4E0000B125E /* Assets.xcassets in Resources */ = {isa = PBXBuildFile; fileRef = B534FD8E22C4D4E0000B125E /* Assets.xcassets */; };
		B534FD9222C4D4E0000B125E /* LaunchScreen.storyboard in Resources */ = {isa = PBXBuildFile; fileRef = B534FD9022C4D4E0000B125E /* LaunchScreen.storyboard */; };
		B534FDA822C4D4E1000B125E /* HackerNewsUITests.swift in Sources */ = {isa = PBXBuildFile; fileRef = B534FDA722C4D4E1000B125E /* HackerNewsUITests.swift */; };
		B534FDF922C62A04000B125E /* UIView+constraints.swift in Sources */ = {isa = PBXBuildFile; fileRef = B534FDF822C62A04000B125E /* UIView+constraints.swift */; };
/* End PBXBuildFile section */

/* Begin PBXContainerItemProxy section */
		B534FD9922C4D4E1000B125E /* PBXContainerItemProxy */ = {
			isa = PBXContainerItemProxy;
			containerPortal = B534FD7C22C4D4DE000B125E /* Project object */;
			proxyType = 1;
			remoteGlobalIDString = B534FD8322C4D4DE000B125E;
			remoteInfo = HackerNews;
		};
		B534FDA422C4D4E1000B125E /* PBXContainerItemProxy */ = {
			isa = PBXContainerItemProxy;
			containerPortal = B534FD7C22C4D4DE000B125E /* Project object */;
			proxyType = 1;
			remoteGlobalIDString = B534FD8322C4D4DE000B125E;
			remoteInfo = HackerNews;
		};
/* End PBXContainerItemProxy section */

/* Begin PBXFileReference section */
		B534FD8422C4D4DE000B125E /* HackerNews.app */ = {isa = PBXFileReference; explicitFileType = wrapper.application; includeInIndex = 0; path = HackerNews.app; sourceTree = BUILT_PRODUCTS_DIR; };
		B534FD8722C4D4DE000B125E /* AppDelegate.swift */ = {isa = PBXFileReference; lastKnownFileType = sourcecode.swift; path = AppDelegate.swift; sourceTree = "<group>"; };
		B534FD8922C4D4DE000B125E /* MainViewController.swift */ = {isa = PBXFileReference; lastKnownFileType = sourcecode.swift; path = MainViewController.swift; sourceTree = "<group>"; };
		B534FD8C22C4D4DE000B125E /* Base */ = {isa = PBXFileReference; lastKnownFileType = file.storyboard; name = Base; path = Base.lproj/Main.storyboard; sourceTree = "<group>"; };
		B534FD8E22C4D4E0000B125E /* Assets.xcassets */ = {isa = PBXFileReference; lastKnownFileType = folder.assetcatalog; path = Assets.xcassets; sourceTree = "<group>"; };
		B534FD9122C4D4E0000B125E /* Base */ = {isa = PBXFileReference; lastKnownFileType = file.storyboard; name = Base; path = Base.lproj/LaunchScreen.storyboard; sourceTree = "<group>"; };
		B534FD9322C4D4E0000B125E /* Info.plist */ = {isa = PBXFileReference; lastKnownFileType = text.plist.xml; path = Info.plist; sourceTree = "<group>"; };
		B534FD9822C4D4E1000B125E /* HackerNewsTests.xctest */ = {isa = PBXFileReference; explicitFileType = wrapper.cfbundle; includeInIndex = 0; path = HackerNewsTests.xctest; sourceTree = BUILT_PRODUCTS_DIR; };
		B534FD9E22C4D4E1000B125E /* Info.plist */ = {isa = PBXFileReference; lastKnownFileType = text.plist.xml; name = Info.plist; path = ../../Info.plist; sourceTree = "<group>"; };
		B534FDA322C4D4E1000B125E /* HackerNewsUITests.xctest */ = {isa = PBXFileReference; explicitFileType = wrapper.cfbundle; includeInIndex = 0; path = HackerNewsUITests.xctest; sourceTree = BUILT_PRODUCTS_DIR; };
		B534FDA722C4D4E1000B125E /* HackerNewsUITests.swift */ = {isa = PBXFileReference; lastKnownFileType = sourcecode.swift; path = HackerNewsUITests.swift; sourceTree = "<group>"; };
		B534FDA922C4D4E1000B125E /* Info.plist */ = {isa = PBXFileReference; lastKnownFileType = text.plist.xml; path = Info.plist; sourceTree = "<group>"; };
		B534FDF822C62A04000B125E /* UIView+constraints.swift */ = {isa = PBXFileReference; lastKnownFileType = sourcecode.swift; path = "UIView+constraints.swift"; sourceTree = "<group>"; };
/* End PBXFileReference section */

/* Begin PBXFrameworksBuildPhase section */
		B534FD8122C4D4DE000B125E /* Frameworks */ = {
			isa = PBXFrameworksBuildPhase;
			buildActionMask = 2147483647;
			files = (
			);
			runOnlyForDeploymentPostprocessing = 0;
		};
		B534FD9522C4D4E1000B125E /* Frameworks */ = {
			isa = PBXFrameworksBuildPhase;
			buildActionMask = 2147483647;
			files = (
			);
			runOnlyForDeploymentPostprocessing = 0;
		};
		B534FDA022C4D4E1000B125E /* Frameworks */ = {
			isa = PBXFrameworksBuildPhase;
			buildActionMask = 2147483647;
			files = (
			);
			runOnlyForDeploymentPostprocessing = 0;
		};
/* End PBXFrameworksBuildPhase section */

/* Begin PBXGroup section */
		B534FD7B22C4D4DE000B125E = {
			isa = PBXGroup;
			children = (
				B534FD8622C4D4DE000B125E /* HackerNews */,
				B534FD9B22C4D4E1000B125E /* HackerNewsTests */,
				B534FDA622C4D4E1000B125E /* HackerNewsUITests */,
				B534FD8522C4D4DE000B125E /* Products */,
			);
			sourceTree = "<group>";
		};
		B534FD8522C4D4DE000B125E /* Products */ = {
			isa = PBXGroup;
			children = (
				B534FD8422C4D4DE000B125E /* HackerNews.app */,
				B534FD9822C4D4E1000B125E /* HackerNewsTests.xctest */,
				B534FDA322C4D4E1000B125E /* HackerNewsUITests.xctest */,
			);
			name = Products;
			sourceTree = "<group>";
		};
		B534FD8622C4D4DE000B125E /* HackerNews */ = {
			isa = PBXGroup;
			children = (
				B534FD8922C4D4DE000B125E /* MainViewController.swift */,
				B534FD8B22C4D4DE000B125E /* Main.storyboard */,
				B534FDF722C629CD000B125E /* Extensions */,
				B534FDF522C627D9000B125E /* Supporting Files */,
				B534FD9322C4D4E0000B125E /* Info.plist */,
			);
			path = HackerNews;
			sourceTree = "<group>";
		};
		B534FD9B22C4D4E1000B125E /* HackerNewsTests */ = {
			isa = PBXGroup;
			children = (
			);
			path = HackerNewsTests;
			sourceTree = "<group>";
		};
		B534FDA622C4D4E1000B125E /* HackerNewsUITests */ = {
			isa = PBXGroup;
			children = (
				B534FDA722C4D4E1000B125E /* HackerNewsUITests.swift */,
				B534FDA922C4D4E1000B125E /* Info.plist */,
			);
			path = HackerNewsUITests;
			sourceTree = "<group>";
		};
		B534FDF522C627D9000B125E /* Supporting Files */ = {
			isa = PBXGroup;
			children = (
				B534FD9E22C4D4E1000B125E /* Info.plist */,
				B534FD8722C4D4DE000B125E /* AppDelegate.swift */,
				B534FD8E22C4D4E0000B125E /* Assets.xcassets */,
				B534FD9022C4D4E0000B125E /* LaunchScreen.storyboard */,
			);
			path = "Supporting Files";
			sourceTree = "<group>";
		};
		B534FDF722C629CD000B125E /* Extensions */ = {
			isa = PBXGroup;
			children = (
				B534FDF822C62A04000B125E /* UIView+constraints.swift */,
			);
			path = Extensions;
			sourceTree = "<group>";
		};
/* End PBXGroup section */

/* Begin PBXNativeTarget section */
		B534FD8322C4D4DE000B125E /* HackerNews */ = {
			isa = PBXNativeTarget;
			buildConfigurationList = B534FDAC22C4D4E1000B125E /* Build configuration list for PBXNativeTarget "HackerNews" */;
			buildPhases = (
				B534FD8022C4D4DE000B125E /* Sources */,
				B534FD8122C4D4DE000B125E /* Frameworks */,
				B534FD8222C4D4DE000B125E /* Resources */,
			);
			buildRules = (
			);
			dependencies = (
			);
			name = HackerNews;
			productName = HackerNews;
			productReference = B534FD8422C4D4DE000B125E /* HackerNews.app */;
			productType = "com.apple.product-type.application";
		};
		B534FD9722C4D4E1000B125E /* HackerNewsTests */ = {
			isa = PBXNativeTarget;
			buildConfigurationList = B534FDAF22C4D4E1000B125E /* Build configuration list for PBXNativeTarget "HackerNewsTests" */;
			buildPhases = (
				B534FD9422C4D4E1000B125E /* Sources */,
				B534FD9522C4D4E1000B125E /* Frameworks */,
				B534FD9622C4D4E1000B125E /* Resources */,
			);
			buildRules = (
			);
			dependencies = (
				B534FD9A22C4D4E1000B125E /* PBXTargetDependency */,
			);
			name = HackerNewsTests;
			productName = HackerNewsTests;
			productReference = B534FD9822C4D4E1000B125E /* HackerNewsTests.xctest */;
			productType = "com.apple.product-type.bundle.unit-test";
		};
		B534FDA222C4D4E1000B125E /* HackerNewsUITests */ = {
			isa = PBXNativeTarget;
			buildConfigurationList = B534FDB222C4D4E1000B125E /* Build configuration list for PBXNativeTarget "HackerNewsUITests" */;
			buildPhases = (
				B534FD9F22C4D4E1000B125E /* Sources */,
				B534FDA022C4D4E1000B125E /* Frameworks */,
				B534FDA122C4D4E1000B125E /* Resources */,
			);
			buildRules = (
			);
			dependencies = (
				B534FDA522C4D4E1000B125E /* PBXTargetDependency */,
			);
			name = HackerNewsUITests;
			productName = HackerNewsUITests;
			productReference = B534FDA322C4D4E1000B125E /* HackerNewsUITests.xctest */;
			productType = "com.apple.product-type.bundle.ui-testing";
		};
/* End PBXNativeTarget section */

/* Begin PBXProject section */
		B534FD7C22C4D4DE000B125E /* Project object */ = {
			isa = PBXProject;
			attributes = {
				LastSwiftUpdateCheck = 1020;
				LastUpgradeCheck = 1020;
				ORGANIZATIONNAME = "Benjamin Lewis";
				TargetAttributes = {
					B534FD8322C4D4DE000B125E = {
						CreatedOnToolsVersion = 10.2.1;
					};
					B534FD9722C4D4E1000B125E = {
						CreatedOnToolsVersion = 10.2.1;
						TestTargetID = B534FD8322C4D4DE000B125E;
					};
					B534FDA222C4D4E1000B125E = {
						CreatedOnToolsVersion = 10.2.1;
						TestTargetID = B534FD8322C4D4DE000B125E;
					};
				};
			};
			buildConfigurationList = B534FD7F22C4D4DE000B125E /* Build configuration list for PBXProject "HackerNews" */;
			compatibilityVersion = "Xcode 9.3";
			developmentRegion = en;
			hasScannedForEncodings = 0;
			knownRegions = (
				en,
				Base,
			);
			mainGroup = B534FD7B22C4D4DE000B125E;
			productRefGroup = B534FD8522C4D4DE000B125E /* Products */;
			projectDirPath = "";
			projectRoot = "";
			targets = (
				B534FD8322C4D4DE000B125E /* HackerNews */,
				B534FD9722C4D4E1000B125E /* HackerNewsTests */,
				B534FDA222C4D4E1000B125E /* HackerNewsUITests */,
			);
		};
/* End PBXProject section */

/* Begin PBXResourcesBuildPhase section */
		B534FD8222C4D4DE000B125E /* Resources */ = {
			isa = PBXResourcesBuildPhase;
			buildActionMask = 2147483647;
			files = (
				B534FD9222C4D4E0000B125E /* LaunchScreen.storyboard in Resources */,
				B534FD8F22C4D4E0000B125E /* Assets.xcassets in Resources */,
				B534FD8D22C4D4DE000B125E /* Main.storyboard in Resources */,
			);
			runOnlyForDeploymentPostprocessing = 0;
		};
		B534FD9622C4D4E1000B125E /* Resources */ = {
			isa = PBXResourcesBuildPhase;
			buildActionMask = 2147483647;
			files = (
			);
			runOnlyForDeploymentPostprocessing = 0;
		};
		B534FDA122C4D4E1000B125E /* Resources */ = {
			isa = PBXResourcesBuildPhase;
			buildActionMask = 2147483647;
			files = (
			);
			runOnlyForDeploymentPostprocessing = 0;
		};
/* End PBXResourcesBuildPhase section */

/* Begin PBXSourcesBuildPhase section */
		B534FD8022C4D4DE000B125E /* Sources */ = {
			isa = PBXSourcesBuildPhase;
			buildActionMask = 2147483647;
			files = (
				B534FD8A22C4D4DE000B125E /* MainViewController.swift in Sources */,
				B534FD8822C4D4DE000B125E /* AppDelegate.swift in Sources */,
				B534FDF922C62A04000B125E /* UIView+constraints.swift in Sources */,
			);
			runOnlyForDeploymentPostprocessing = 0;
		};
		B534FD9422C4D4E1000B125E /* Sources */ = {
			isa = PBXSourcesBuildPhase;
			buildActionMask = 2147483647;
			files = (
			);
			runOnlyForDeploymentPostprocessing = 0;
		};
		B534FD9F22C4D4E1000B125E /* Sources */ = {
			isa = PBXSourcesBuildPhase;
			buildActionMask = 2147483647;
			files = (
				B534FDA822C4D4E1000B125E /* HackerNewsUITests.swift in Sources */,
			);
			runOnlyForDeploymentPostprocessing = 0;
		};
/* End PBXSourcesBuildPhase section */

/* Begin PBXTargetDependency section */
		B534FD9A22C4D4E1000B125E /* PBXTargetDependency */ = {
			isa = PBXTargetDependency;
			target = B534FD8322C4D4DE000B125E /* HackerNews */;
			targetProxy = B534FD9922C4D4E1000B125E /* PBXContainerItemProxy */;
		};
		B534FDA522C4D4E1000B125E /* PBXTargetDependency */ = {
			isa = PBXTargetDependency;
			target = B534FD8322C4D4DE000B125E /* HackerNews */;
			targetProxy = B534FDA422C4D4E1000B125E /* PBXContainerItemProxy */;
		};
/* End PBXTargetDependency section */

/* Begin PBXVariantGroup section */
		B534FD8B22C4D4DE000B125E /* Main.storyboard */ = {
			isa = PBXVariantGroup;
			children = (
				B534FD8C22C4D4DE000B125E /* Base */,
			);
			name = Main.storyboard;
			sourceTree = "<group>";
		};
		B534FD9022C4D4E0000B125E /* LaunchScreen.storyboard */ = {
			isa = PBXVariantGroup;
			children = (
				B534FD9122C4D4E0000B125E /* Base */,
			);
			name = LaunchScreen.storyboard;
			sourceTree = "<group>";
		};
/* End PBXVariantGroup section */

/* Begin XCBuildConfiguration section */
		B534FDAA22C4D4E1000B125E /* Debug */ = {
			isa = XCBuildConfiguration;
			buildSettings = {
				ALWAYS_SEARCH_USER_PATHS = NO;
				CLANG_ANALYZER_NONNULL = YES;
				CLANG_ANALYZER_NUMBER_OBJECT_CONVERSION = YES_AGGRESSIVE;
				CLANG_CXX_LANGUAGE_STANDARD = "gnu++14";
				CLANG_CXX_LIBRARY = "libc++";
				CLANG_ENABLE_MODULES = YES;
				CLANG_ENABLE_OBJC_ARC = YES;
				CLANG_ENABLE_OBJC_WEAK = YES;
				CLANG_WARN_BLOCK_CAPTURE_AUTORELEASING = YES;
				CLANG_WARN_BOOL_CONVERSION = YES;
				CLANG_WARN_COMMA = YES;
				CLANG_WARN_CONSTANT_CONVERSION = YES;
				CLANG_WARN_DEPRECATED_OBJC_IMPLEMENTATIONS = YES;
				CLANG_WARN_DIRECT_OBJC_ISA_USAGE = YES_ERROR;
				CLANG_WARN_DOCUMENTATION_COMMENTS = YES;
				CLANG_WARN_EMPTY_BODY = YES;
				CLANG_WARN_ENUM_CONVERSION = YES;
				CLANG_WARN_INFINITE_RECURSION = YES;
				CLANG_WARN_INT_CONVERSION = YES;
				CLANG_WARN_NON_LITERAL_NULL_CONVERSION = YES;
				CLANG_WARN_OBJC_IMPLICIT_RETAIN_SELF = YES;
				CLANG_WARN_OBJC_LITERAL_CONVERSION = YES;
				CLANG_WARN_OBJC_ROOT_CLASS = YES_ERROR;
				CLANG_WARN_RANGE_LOOP_ANALYSIS = YES;
				CLANG_WARN_STRICT_PROTOTYPES = YES;
				CLANG_WARN_SUSPICIOUS_MOVE = YES;
				CLANG_WARN_UNGUARDED_AVAILABILITY = YES_AGGRESSIVE;
				CLANG_WARN_UNREACHABLE_CODE = YES;
				CLANG_WARN__DUPLICATE_METHOD_MATCH = YES;
				CODE_SIGN_IDENTITY = "iPhone Developer";
				COPY_PHASE_STRIP = NO;
				DEBUG_INFORMATION_FORMAT = dwarf;
				ENABLE_STRICT_OBJC_MSGSEND = YES;
				ENABLE_TESTABILITY = YES;
				GCC_C_LANGUAGE_STANDARD = gnu11;
				GCC_DYNAMIC_NO_PIC = NO;
				GCC_NO_COMMON_BLOCKS = YES;
				GCC_OPTIMIZATION_LEVEL = 0;
				GCC_PREPROCESSOR_DEFINITIONS = (
					"DEBUG=1",
					"$(inherited)",
				);
				GCC_WARN_64_TO_32_BIT_CONVERSION = YES;
				GCC_WARN_ABOUT_RETURN_TYPE = YES_ERROR;
				GCC_WARN_UNDECLARED_SELECTOR = YES;
				GCC_WARN_UNINITIALIZED_AUTOS = YES_AGGRESSIVE;
				GCC_WARN_UNUSED_FUNCTION = YES;
				GCC_WARN_UNUSED_VARIABLE = YES;
				IPHONEOS_DEPLOYMENT_TARGET = 12.2;
				MTL_ENABLE_DEBUG_INFO = INCLUDE_SOURCE;
				MTL_FAST_MATH = YES;
				ONLY_ACTIVE_ARCH = YES;
				SDKROOT = iphoneos;
				SWIFT_ACTIVE_COMPILATION_CONDITIONS = DEBUG;
				SWIFT_OPTIMIZATION_LEVEL = "-Onone";
			};
			name = Debug;
		};
		B534FDAB22C4D4E1000B125E /* Release */ = {
			isa = XCBuildConfiguration;
			buildSettings = {
				ALWAYS_SEARCH_USER_PATHS = NO;
				CLANG_ANALYZER_NONNULL = YES;
				CLANG_ANALYZER_NUMBER_OBJECT_CONVERSION = YES_AGGRESSIVE;
				CLANG_CXX_LANGUAGE_STANDARD = "gnu++14";
				CLANG_CXX_LIBRARY = "libc++";
				CLANG_ENABLE_MODULES = YES;
				CLANG_ENABLE_OBJC_ARC = YES;
				CLANG_ENABLE_OBJC_WEAK = YES;
				CLANG_WARN_BLOCK_CAPTURE_AUTORELEASING = YES;
				CLANG_WARN_BOOL_CONVERSION = YES;
				CLANG_WARN_COMMA = YES;
				CLANG_WARN_CONSTANT_CONVERSION = YES;
				CLANG_WARN_DEPRECATED_OBJC_IMPLEMENTATIONS = YES;
				CLANG_WARN_DIRECT_OBJC_ISA_USAGE = YES_ERROR;
				CLANG_WARN_DOCUMENTATION_COMMENTS = YES;
				CLANG_WARN_EMPTY_BODY = YES;
				CLANG_WARN_ENUM_CONVERSION = YES;
				CLANG_WARN_INFINITE_RECURSION = YES;
				CLANG_WARN_INT_CONVERSION = YES;
				CLANG_WARN_NON_LITERAL_NULL_CONVERSION = YES;
				CLANG_WARN_OBJC_IMPLICIT_RETAIN_SELF = YES;
				CLANG_WARN_OBJC_LITERAL_CONVERSION = YES;
				CLANG_WARN_OBJC_ROOT_CLASS = YES_ERROR;
				CLANG_WARN_RANGE_LOOP_ANALYSIS = YES;
				CLANG_WARN_STRICT_PROTOTYPES = YES;
				CLANG_WARN_SUSPICIOUS_MOVE = YES;
				CLANG_WARN_UNGUARDED_AVAILABILITY = YES_AGGRESSIVE;
				CLANG_WARN_UNREACHABLE_CODE = YES;
				CLANG_WARN__DUPLICATE_METHOD_MATCH = YES;
				CODE_SIGN_IDENTITY = "iPhone Developer";
				COPY_PHASE_STRIP = NO;
				DEBUG_INFORMATION_FORMAT = "dwarf-with-dsym";
				ENABLE_NS_ASSERTIONS = NO;
				ENABLE_STRICT_OBJC_MSGSEND = YES;
				GCC_C_LANGUAGE_STANDARD = gnu11;
				GCC_NO_COMMON_BLOCKS = YES;
				GCC_WARN_64_TO_32_BIT_CONVERSION = YES;
				GCC_WARN_ABOUT_RETURN_TYPE = YES_ERROR;
				GCC_WARN_UNDECLARED_SELECTOR = YES;
				GCC_WARN_UNINITIALIZED_AUTOS = YES_AGGRESSIVE;
				GCC_WARN_UNUSED_FUNCTION = YES;
				GCC_WARN_UNUSED_VARIABLE = YES;
				IPHONEOS_DEPLOYMENT_TARGET = 12.2;
				MTL_ENABLE_DEBUG_INFO = NO;
				MTL_FAST_MATH = YES;
				SDKROOT = iphoneos;
				SWIFT_COMPILATION_MODE = wholemodule;
				SWIFT_OPTIMIZATION_LEVEL = "-O";
				VALIDATE_PRODUCT = YES;
			};
			name = Release;
		};
		B534FDAD22C4D4E1000B125E /* Debug */ = {
			isa = XCBuildConfiguration;
			buildSettings = {
				ASSETCATALOG_COMPILER_APPICON_NAME = AppIcon;
				CODE_SIGN_STYLE = Automatic;
				DEVELOPMENT_TEAM = SSTDKCYHQ9;
				INFOPLIST_FILE = HackerNews/Info.plist;
				LD_RUNPATH_SEARCH_PATHS = (
					"$(inherited)",
					"@executable_path/Frameworks",
				);
				PRODUCT_BUNDLE_IDENTIFIER = inhouse23.HackerNews;
				PRODUCT_NAME = "$(TARGET_NAME)";
				SWIFT_VERSION = 5.0;
				TARGETED_DEVICE_FAMILY = "1,2";
			};
			name = Debug;
		};
		B534FDAE22C4D4E1000B125E /* Release */ = {
			isa = XCBuildConfiguration;
			buildSettings = {
				ASSETCATALOG_COMPILER_APPICON_NAME = AppIcon;
				CODE_SIGN_STYLE = Automatic;
				DEVELOPMENT_TEAM = SSTDKCYHQ9;
				INFOPLIST_FILE = HackerNews/Info.plist;
				LD_RUNPATH_SEARCH_PATHS = (
					"$(inherited)",
					"@executable_path/Frameworks",
				);
				PRODUCT_BUNDLE_IDENTIFIER = inhouse23.HackerNews;
				PRODUCT_NAME = "$(TARGET_NAME)";
				SWIFT_VERSION = 5.0;
				TARGETED_DEVICE_FAMILY = "1,2";
			};
			name = Release;
		};
		B534FDB022C4D4E1000B125E /* Debug */ = {
			isa = XCBuildConfiguration;
			buildSettings = {
				ALWAYS_EMBED_SWIFT_STANDARD_LIBRARIES = YES;
				BUNDLE_LOADER = "$(TEST_HOST)";
				CODE_SIGN_STYLE = Automatic;
				DEVELOPMENT_TEAM = SSTDKCYHQ9;
				INFOPLIST_FILE = HackerNewsTests/Info.plist;
				LD_RUNPATH_SEARCH_PATHS = (
					"$(inherited)",
					"@executable_path/Frameworks",
					"@loader_path/Frameworks",
				);
				PRODUCT_BUNDLE_IDENTIFIER = inhouse23.HackerNewsTests;
				PRODUCT_NAME = "$(TARGET_NAME)";
				SWIFT_VERSION = 5.0;
				TARGETED_DEVICE_FAMILY = "1,2";
				TEST_HOST = "$(BUILT_PRODUCTS_DIR)/HackerNews.app/HackerNews";
			};
			name = Debug;
		};
		B534FDB122C4D4E1000B125E /* Release */ = {
			isa = XCBuildConfiguration;
			buildSettings = {
				ALWAYS_EMBED_SWIFT_STANDARD_LIBRARIES = YES;
				BUNDLE_LOADER = "$(TEST_HOST)";
				CODE_SIGN_STYLE = Automatic;
				DEVELOPMENT_TEAM = SSTDKCYHQ9;
				INFOPLIST_FILE = HackerNewsTests/Info.plist;
				LD_RUNPATH_SEARCH_PATHS = (
					"$(inherited)",
					"@executable_path/Frameworks",
					"@loader_path/Frameworks",
				);
				PRODUCT_BUNDLE_IDENTIFIER = inhouse23.HackerNewsTests;
				PRODUCT_NAME = "$(TARGET_NAME)";
				SWIFT_VERSION = 5.0;
				TARGETED_DEVICE_FAMILY = "1,2";
				TEST_HOST = "$(BUILT_PRODUCTS_DIR)/HackerNews.app/HackerNews";
			};
			name = Release;
		};
		B534FDB322C4D4E1000B125E /* Debug */ = {
			isa = XCBuildConfiguration;
			buildSettings = {
				ALWAYS_EMBED_SWIFT_STANDARD_LIBRARIES = YES;
				CODE_SIGN_STYLE = Automatic;
				DEVELOPMENT_TEAM = SSTDKCYHQ9;
				INFOPLIST_FILE = HackerNewsUITests/Info.plist;
				LD_RUNPATH_SEARCH_PATHS = (
					"$(inherited)",
					"@executable_path/Frameworks",
					"@loader_path/Frameworks",
				);
				PRODUCT_BUNDLE_IDENTIFIER = inhouse23.HackerNewsUITests;
				PRODUCT_NAME = "$(TARGET_NAME)";
				SWIFT_VERSION = 5.0;
				TARGETED_DEVICE_FAMILY = "1,2";
				TEST_TARGET_NAME = HackerNews;
			};
			name = Debug;
		};
		B534FDB422C4D4E1000B125E /* Release */ = {
			isa = XCBuildConfiguration;
			buildSettings = {
				ALWAYS_EMBED_SWIFT_STANDARD_LIBRARIES = YES;
				CODE_SIGN_STYLE = Automatic;
				DEVELOPMENT_TEAM = SSTDKCYHQ9;
				INFOPLIST_FILE = HackerNewsUITests/Info.plist;
				LD_RUNPATH_SEARCH_PATHS = (
					"$(inherited)",
					"@executable_path/Frameworks",
					"@loader_path/Frameworks",
				);
				PRODUCT_BUNDLE_IDENTIFIER = inhouse23.HackerNewsUITests;
				PRODUCT_NAME = "$(TARGET_NAME)";
				SWIFT_VERSION = 5.0;
				TARGETED_DEVICE_FAMILY = "1,2";
				TEST_TARGET_NAME = HackerNews;
			};
			name = Release;
		};
/* End XCBuildConfiguration section */

/* Begin XCConfigurationList section */
		B534FD7F22C4D4DE000B125E /* Build configuration list for PBXProject "HackerNews" */ = {
			isa = XCConfigurationList;
			buildConfigurations = (
				B534FDAA22C4D4E1000B125E /* Debug */,
				B534FDAB22C4D4E1000B125E /* Release */,
			);
			defaultConfigurationIsVisible = 0;
			defaultConfigurationName = Release;
		};
		B534FDAC22C4D4E1000B125E /* Build configuration list for PBXNativeTarget "HackerNews" */ = {
			isa = XCConfigurationList;
			buildConfigurations = (
				B534FDAD22C4D4E1000B125E /* Debug */,
				B534FDAE22C4D4E1000B125E /* Release */,
			);
			defaultConfigurationIsVisible = 0;
			defaultConfigurationName = Release;
		};
		B534FDAF22C4D4E1000B125E /* Build configuration list for PBXNativeTarget "HackerNewsTests" */ = {
			isa = XCConfigurationList;
			buildConfigurations = (
				B534FDB022C4D4E1000B125E /* Debug */,
				B534FDB122C4D4E1000B125E /* Release */,
			);
			defaultConfigurationIsVisible = 0;
			defaultConfigurationName = Release;
		};
		B534FDB222C4D4E1000B125E /* Build configuration list for PBXNativeTarget "HackerNewsUITests" */ = {
			isa = XCConfigurationList;
			buildConfigurations = (
				B534FDB322C4D4E1000B125E /* Debug */,
				B534FDB422C4D4E1000B125E /* Release */,
			);
			defaultConfigurationIsVisible = 0;
			defaultConfigurationName = Release;
		};
/* End XCConfigurationList section */
	};
	rootObject = B534FD7C22C4D4DE000B125E /* Project object */;
}
